
Microsoft Visual Studio Solution File, Format Version 12.00
# Visual Studio 2012
Project("{FAE04EC0-301F-11D3-BF4B-00C04F79EFBC}") = "GroupDocsComparisonMvcDemo", "GroupDocsComparisonMvcDemo\GroupDocsComparisonMvcDemo.csproj", "{23E75FCE-BD18-4BFA-AB82-5C255B54C352}"
EndProject
Project("{2150E333-8FDC-42A3-9474-1A3956D46DE8}") = ".nuget", ".nuget", "{698FBF24-FA09-4CD9-A68D-84918995C247}"
	ProjectSection(SolutionItems) = preProject
		.nuget\NuGet.Config = .nuget\NuGet.Config
		.nuget\NuGet.exe = .nuget\NuGet.exe
		.nuget\NuGet.targets = .nuget\NuGet.targets
	EndProjectSection
EndProject
Global
	GlobalSection(SolutionConfigurationPlatforms) = preSolution
		Debug|Any CPU = Debug|Any CPU
		Development|Any CPU = Development|Any CPU
		EC2|Any CPU = EC2|Any CPU
		Release|Any CPU = Release|Any CPU
		ReleaseEU|Any CPU = ReleaseEU|Any CPU
		Staging|Any CPU = Staging|Any CPU
	EndGlobalSection
	GlobalSection(ProjectConfigurationPlatforms) = postSolution
		{23E75FCE-BD18-4BFA-AB82-5C255B54C352}.Debug|Any CPU.ActiveCfg = Debug|Any CPU
		{23E75FCE-BD18-4BFA-AB82-5C255B54C352}.Debug|Any CPU.Build.0 = Debug|Any CPU
		{23E75FCE-BD18-4BFA-AB82-5C255B54C352}.Development|Any CPU.ActiveCfg = Debug|Any CPU
		{23E75FCE-BD18-4BFA-AB82-5C255B54C352}.Development|Any CPU.Build.0 = Debug|Any CPU
		{23E75FCE-BD18-4BFA-AB82-5C255B54C352}.EC2|Any CPU.ActiveCfg = Release|Any CPU
		{23E75FCE-BD18-4BFA-AB82-5C255B54C352}.EC2|Any CPU.Build.0 = Release|Any CPU
		{23E75FCE-BD18-4BFA-AB82-5C255B54C352}.Release|Any CPU.ActiveCfg = Release|Any CPU
		{23E75FCE-BD18-4BFA-AB82-5C255B54C352}.Release|Any CPU.Build.0 = Release|Any CPU
		{23E75FCE-BD18-4BFA-AB82-5C255B54C352}.ReleaseEU|Any CPU.ActiveCfg = Release|Any CPU
		{23E75FCE-BD18-4BFA-AB82-5C255B54C352}.ReleaseEU|Any CPU.Build.0 = Release|Any CPU
		{23E75FCE-BD18-4BFA-AB82-5C255B54C352}.Staging|Any CPU.ActiveCfg = Release|Any CPU
		{23E75FCE-BD18-4BFA-AB82-5C255B54C352}.Staging|Any CPU.Build.0 = Release|Any CPU
	EndGlobalSection
	GlobalSection(SolutionProperties) = preSolution
		HideSolutionNode = FALSE
	EndGlobalSection
EndGlobal
