
Microsoft Visual Studio Solution File, Format Version 12.00
# Visual Studio 2012
Project("{FAE04EC0-301F-11D3-BF4B-00C04F79EFBC}") = "GroupDocsComparisonMVCWebAPIDemo", "GroupDocsComparisonMVCWebAPIDemo\GroupDocsComparisonMVCWebAPIDemo.csproj", "{D64B7A2D-77B7-452C-B33F-D69E8EF1BC84}"
EndProject
Global
	GlobalSection(SolutionConfigurationPlatforms) = preSolution
		Debug|Any CPU = Debug|Any CPU
		Release|Any CPU = Release|Any CPU
	EndGlobalSection
	GlobalSection(ProjectConfigurationPlatforms) = postSolution
		{D64B7A2D-77B7-452C-B33F-D69E8EF1BC84}.Debug|Any CPU.ActiveCfg = Debug|Any CPU
		{D64B7A2D-77B7-452C-B33F-D69E8EF1BC84}.Debug|Any CPU.Build.0 = Debug|Any CPU
		{D64B7A2D-77B7-452C-B33F-D69E8EF1BC84}.Release|Any CPU.ActiveCfg = Release|Any CPU
		{D64B7A2D-77B7-452C-B33F-D69E8EF1BC84}.Release|Any CPU.Build.0 = Release|Any CPU
	EndGlobalSection
	GlobalSection(SolutionProperties) = preSolution
		HideSolutionNode = FALSE
	EndGlobalSection
EndGlobal
