
Microsoft Visual Studio Solution File, Format Version 12.00
# Visual Studio 2013
VisualStudioVersion = 12.0.21005.1
MinimumVisualStudioVersion = 10.0.40219.1
Project("{FAE04EC0-301F-11D3-BF4B-00C04F79EFBC}") = "GroupDocs.Comparison.Examples.CSharp", "CSharp\GroupDocs.Comparison.Examples.CSharp.csproj", "{5001685D-62F6-450A-8365-7FBADB33C1FE}"
EndProject
Project("{2150E333-8FDC-42A3-9474-1A3956D46DE8}") = ".nuget", ".nuget", "{C5A13934-8449-49E3-9200-A17F3ECB1426}"
	ProjectSection(SolutionItems) = preProject
		.nuget\NuGet.Config = .nuget\NuGet.Config
		.nuget\NuGet.exe = .nuget\NuGet.exe
		.nuget\NuGet.targets = .nuget\NuGet.targets
	EndProjectSection
EndProject
Global
	GlobalSection(SolutionConfigurationPlatforms) = preSolution
		Debug|x86 = Debug|x86
		Release|x86 = Release|x86
	EndGlobalSection
	GlobalSection(ProjectConfigurationPlatforms) = postSolution
		{5001685D-62F6-450A-8365-7FBADB33C1FE}.Debug|x86.ActiveCfg = Debug|x86
		{5001685D-62F6-450A-8365-7FBADB33C1FE}.Debug|x86.Build.0 = Debug|x86
		{5001685D-62F6-450A-8365-7FBADB33C1FE}.Release|x86.ActiveCfg = Release|x86
		{5001685D-62F6-450A-8365-7FBADB33C1FE}.Release|x86.Build.0 = Release|x86
	EndGlobalSection
	GlobalSection(SolutionProperties) = preSolution
		HideSolutionNode = FALSE
	EndGlobalSection
EndGlobal
